Microsoft Visual Studio Solution File, Format Version 12.00
# Visual Studio Version 16
VisualStudioVersion = 16.0.29920.165
MinimumVisualStudioVersion = 15.0.26124.0
Project("{D954291E-2A0B-460D-934E-DC6B0785DB48}") = "Unopify.Shared", "Unopify.Shared\Unopify.Shared.shproj", "{6279C845-92F8-4333-AB99-3D213163593C}"
EndProject
Project("{FAE04EC0-301F-11D3-BF4B-00C04F79EFBC}") = "Unopify.Droid", "Unopify.Droid\Unopify.Droid.csproj", "{8401D909-A825-4BD7-9D2E-937AF47A8459}"
EndProject
Project("{FAE04EC0-301F-11D3-BF4B-00C04F79EFBC}") = "Unopify.iOS", "Unopify.iOS\Unopify.iOS.csproj", "{0BC7F232-135F-46C8-8F23-DDE460B40173}"
EndProject
Project("{FAE04EC0-301F-11D3-BF4B-00C04F79EFBC}") = "Unopify.Uwp", "Unopify.UWP\Unopify.Uwp.csproj", "{57A4B359-7172-4864-AABB-4619CBC2B71B}"
EndProject
Project("{9A19103F-16F7-4668-BE54-9A1E7A4F7556}") = "Unopify.Wasm", "Unopify.Wasm\Unopify.Wasm.csproj", "{40EA03F7-8A22-4143-B251-79BAC3EB13D2}"
EndProject
Project("{FAE04EC0-301F-11D3-BF4B-00C04F79EFBC}") = "Unopify.macOS", "Unopify.macOS\Unopify.macOS.csproj", "{C98425AD-E09F-4EAB-943D-BCE5996FAF93}"
EndProject
Project("{9A19103F-16F7-4668-BE54-9A1E7A4F7556}") = "Unopify.Skia.Gtk", "Unopify.Skia.Gtk\Unopify.Skia.Gtk.csproj", "{A5B8155A-118F-4794-B551-C6F3CF7E5411}"
EndProject
Project("{9A19103F-16F7-4668-BE54-9A1E7A4F7556}") = "Unopify.Skia.WPF", "Unopify.Skia.WPF\Unopify.Skia.WPF.csproj", "{B8ED0B0E-50A6-48E3-B585-9399C67A9198}"
EndProject
Project("{FAE04EC0-301F-11D3-BF4B-00C04F79EFBC}") = "Unopify.Wpf.Host", "Unopify.Skia.WPF.Host\Unopify.Wpf.Host.csproj", "{6CF284A4-22B1-4F05-97F4-F095C07A598E}"
EndProject
Project("{FAE04EC0-301F-11D3-BF4B-00C04F79EFBC}") = "Unopify.AuthRelay", "Unopify.AuthRelay\Unopify.AuthRelay.csproj", "{EECAC254-F640-4D3D-8CE8-433430015255}"
EndProject
Project("{FAE04EC0-301F-11D3-BF4B-00C04F79EFBC}") = "Unopify.AuthServer", "Unopify.AuthServer\Unopify.AuthServer.csproj", "{95C6BF02-136D-4DBB-85D7-F2A592669FBE}"
EndProject
Project("{2150E333-8FDC-42A3-9474-1A3956D46DE8}") = "App", "App", "{D986B0F4-33A6-400D-9C5D-C27BAB39E341}"
EndProject
Global
	GlobalSection(SharedMSBuildProjectFiles) = preSolution
		Unopify.Shared\Unopify.Shared.projitems*{57a4b359-7172-4864-aabb-4619cbc2b71b}*SharedItemsImports = 4
		Unopify.Shared\Unopify.Shared.projitems*{6279c845-92f8-4333-ab99-3d213163593c}*SharedItemsImports = 13
		Unopify.Shared\Unopify.Shared.projitems*{8401d909-a825-4bd7-9d2e-937af47a8459}*SharedItemsImports = 4
		Unopify.Shared\Unopify.Shared.projitems*{a5b8155a-118f-4794-b551-c6f3cf7e5411}*SharedItemsImports = 5
		Unopify.Shared\Unopify.Shared.projitems*{b8ed0b0e-50a6-48e3-b585-9399c67a9198}*SharedItemsImports = 5
	EndGlobalSection
	GlobalSection(SolutionConfigurationPlatforms) = preSolution
		Debug|Any CPU = Debug|Any CPU
		Debug|ARM = Debug|ARM
		Debug|ARM64 = Debug|ARM64
		Debug|iPhone = Debug|iPhone
		Debug|iPhoneSimulator = Debug|iPhoneSimulator
		Debug|x64 = Debug|x64
		Debug|x86 = Debug|x86
		Release|Any CPU = Release|Any CPU
		Release|ARM = Release|ARM
		Release|ARM64 = Release|ARM64
		Release|iPhone = Release|iPhone
		Release|iPhoneSimulator = Release|iPhoneSimulator
		Release|x64 = Release|x64
		Release|x86 = Release|x86
	EndGlobalSection
	GlobalSection(ProjectConfigurationPlatforms) = postSolution
		{8401D909-A825-4BD7-9D2E-937AF47A8459}.Debug|Any CPU.ActiveCfg = Debug|Any CPU
		{8401D909-A825-4BD7-9D2E-937AF47A8459}.Debug|Any CPU.Build.0 = Debug|Any CPU
		{8401D909-A825-4BD7-9D2E-937AF47A8459}.Debug|Any CPU.Deploy.0 = Debug|Any CPU
		{8401D909-A825-4BD7-9D2E-937AF47A8459}.Debug|ARM.ActiveCfg = Debug|Any CPU
		{8401D909-A825-4BD7-9D2E-937AF47A8459}.Debug|ARM.Build.0 = Debug|Any CPU
		{8401D909-A825-4BD7-9D2E-937AF47A8459}.Debug|ARM.Deploy.0 = Debug|Any CPU
		{8401D909-A825-4BD7-9D2E-937AF47A8459}.Debug|ARM64.ActiveCfg = Debug|Any CPU
		{8401D909-A825-4BD7-9D2E-937AF47A8459}.Debug|ARM64.Build.0 = Debug|Any CPU
		{8401D909-A825-4BD7-9D2E-937AF47A8459}.Debug|ARM64.Deploy.0 = Debug|Any CPU
		{8401D909-A825-4BD7-9D2E-937AF47A8459}.Debug|iPhone.ActiveCfg = Debug|Any CPU
		{8401D909-A825-4BD7-9D2E-937AF47A8459}.Debug|iPhone.Build.0 = Debug|Any CPU
		{8401D909-A825-4BD7-9D2E-937AF47A8459}.Debug|iPhone.Deploy.0 = Debug|Any CPU
		{8401D909-A825-4BD7-9D2E-937AF47A8459}.Debug|iPhoneSimulator.ActiveCfg = Debug|Any CPU
		{8401D909-A825-4BD7-9D2E-937AF47A8459}.Debug|iPhoneSimulator.Build.0 = Debug|Any CPU
		{8401D909-A825-4BD7-9D2E-937AF47A8459}.Debug|iPhoneSimulator.Deploy.0 = Debug|Any CPU
		{8401D909-A825-4BD7-9D2E-937AF47A8459}.Debug|x64.ActiveCfg = Debug|Any CPU
		{8401D909-A825-4BD7-9D2E-937AF47A8459}.Debug|x64.Build.0 = Debug|Any CPU
		{8401D909-A825-4BD7-9D2E-937AF47A8459}.Debug|x64.Deploy.0 = Debug|Any CPU
		{8401D909-A825-4BD7-9D2E-937AF47A8459}.Debug|x86.ActiveCfg = Debug|Any CPU
		{8401D909-A825-4BD7-9D2E-937AF47A8459}.Debug|x86.Build.0 = Debug|Any CPU
		{8401D909-A825-4BD7-9D2E-937AF47A8459}.Debug|x86.Deploy.0 = Debug|Any CPU
		{8401D909-A825-4BD7-9D2E-937AF47A8459}.Release|Any CPU.ActiveCfg = Release|Any CPU
		{8401D909-A825-4BD7-9D2E-937AF47A8459}.Release|Any CPU.Build.0 = Release|Any CPU
		{8401D909-A825-4BD7-9D2E-937AF47A8459}.Release|Any CPU.Deploy.0 = Release|Any CPU
		{8401D909-A825-4BD7-9D2E-937AF47A8459}.Release|ARM.ActiveCfg = Release|Any CPU
		{8401D909-A825-4BD7-9D2E-937AF47A8459}.Release|ARM.Build.0 = Release|Any CPU
		{8401D909-A825-4BD7-9D2E-937AF47A8459}.Release|ARM.Deploy.0 = Release|Any CPU
		{8401D909-A825-4BD7-9D2E-937AF47A8459}.Release|ARM64.ActiveCfg = Release|Any CPU
		{8401D909-A825-4BD7-9D2E-937AF47A8459}.Release|ARM64.Build.0 = Release|Any CPU
		{8401D909-A825-4BD7-9D2E-937AF47A8459}.Release|ARM64.Deploy.0 = Release|Any CPU
		{8401D909-A825-4BD7-9D2E-937AF47A8459}.Release|iPhone.ActiveCfg = Release|Any CPU
		{8401D909-A825-4BD7-9D2E-937AF47A8459}.Release|iPhone.Build.0 = Release|Any CPU
		{8401D909-A825-4BD7-9D2E-937AF47A8459}.Release|iPhone.Deploy.0 = Release|Any CPU
		{8401D909-A825-4BD7-9D2E-937AF47A8459}.Release|iPhoneSimulator.ActiveCfg = Release|Any CPU
		{8401D909-A825-4BD7-9D2E-937AF47A8459}.Release|iPhoneSimulator.Build.0 = Release|Any CPU
		{8401D909-A825-4BD7-9D2E-937AF47A8459}.Release|iPhoneSimulator.Deploy.0 = Release|Any CPU
		{8401D909-A825-4BD7-9D2E-937AF47A8459}.Release|x64.ActiveCfg = Release|Any CPU
		{8401D909-A825-4BD7-9D2E-937AF47A8459}.Release|x64.Build.0 = Release|Any CPU
		{8401D909-A825-4BD7-9D2E-937AF47A8459}.Release|x64.Deploy.0 = Release|Any CPU
		{8401D909-A825-4BD7-9D2E-937AF47A8459}.Release|x86.ActiveCfg = Release|Any CPU
		{8401D909-A825-4BD7-9D2E-937AF47A8459}.Release|x86.Build.0 = Release|Any CPU
		{8401D909-A825-4BD7-9D2E-937AF47A8459}.Release|x86.Deploy.0 = Release|Any CPU
		{0BC7F232-135F-46C8-8F23-DDE460B40173}.Debug|Any CPU.ActiveCfg = Debug|iPhone
		{0BC7F232-135F-46C8-8F23-DDE460B40173}.Debug|Any CPU.Build.0 = Debug|iPhone
		{0BC7F232-135F-46C8-8F23-DDE460B40173}.Debug|Any CPU.Deploy.0 = Debug|iPhone
		{0BC7F232-135F-46C8-8F23-DDE460B40173}.Debug|ARM.ActiveCfg = Debug|iPhone
		{0BC7F232-135F-46C8-8F23-DDE460B40173}.Debug|ARM64.ActiveCfg = Debug|iPhone
		{0BC7F232-135F-46C8-8F23-DDE460B40173}.Debug|iPhone.ActiveCfg = Debug|iPhone
		{0BC7F232-135F-46C8-8F23-DDE460B40173}.Debug|iPhone.Build.0 = Debug|iPhone
		{0BC7F232-135F-46C8-8F23-DDE460B40173}.Debug|iPhoneSimulator.ActiveCfg = Debug|iPhoneSimulator
		{0BC7F232-135F-46C8-8F23-DDE460B40173}.Debug|iPhoneSimulator.Build.0 = Debug|iPhoneSimulator
		{0BC7F232-135F-46C8-8F23-DDE460B40173}.Debug|x64.ActiveCfg = Debug|iPhone
		{0BC7F232-135F-46C8-8F23-DDE460B40173}.Debug|x64.Build.0 = Debug|iPhone
		{0BC7F232-135F-46C8-8F23-DDE460B40173}.Debug|x64.Deploy.0 = Debug|iPhone
		{0BC7F232-135F-46C8-8F23-DDE460B40173}.Debug|x86.ActiveCfg = Debug|iPhoneSimulator
		{0BC7F232-135F-46C8-8F23-DDE460B40173}.Debug|x86.Build.0 = Debug|iPhoneSimulator
		{0BC7F232-135F-46C8-8F23-DDE460B40173}.Debug|x86.Deploy.0 = Debug|iPhoneSimulator
		{0BC7F232-135F-46C8-8F23-DDE460B40173}.Release|Any CPU.ActiveCfg = Release|iPhone
		{0BC7F232-135F-46C8-8F23-DDE460B40173}.Release|ARM.ActiveCfg = Release|iPhone
		{0BC7F232-135F-46C8-8F23-DDE460B40173}.Release|ARM64.ActiveCfg = Release|iPhone
		{0BC7F232-135F-46C8-8F23-DDE460B40173}.Release|iPhone.ActiveCfg = Release|iPhone
		{0BC7F232-135F-46C8-8F23-DDE460B40173}.Release|iPhone.Build.0 = Release|iPhone
		{0BC7F232-135F-46C8-8F23-DDE460B40173}.Release|iPhoneSimulator.ActiveCfg = Release|iPhoneSimulator
		{0BC7F232-135F-46C8-8F23-DDE460B40173}.Release|iPhoneSimulator.Build.0 = Release|iPhoneSimulator
		{0BC7F232-135F-46C8-8F23-DDE460B40173}.Release|x64.ActiveCfg = Release|iPhoneSimulator
		{0BC7F232-135F-46C8-8F23-DDE460B40173}.Release|x64.Build.0 = Release|iPhoneSimulator
		{0BC7F232-135F-46C8-8F23-DDE460B40173}.Release|x64.Deploy.0 = Release|iPhoneSimulator
		{0BC7F232-135F-46C8-8F23-DDE460B40173}.Release|x86.ActiveCfg = Release|iPhoneSimulator
		{0BC7F232-135F-46C8-8F23-DDE460B40173}.Release|x86.Build.0 = Release|iPhoneSimulator
		{57A4B359-7172-4864-AABB-4619CBC2B71B}.Debug|Any CPU.ActiveCfg = Debug|x86
		{57A4B359-7172-4864-AABB-4619CBC2B71B}.Debug|Any CPU.Build.0 = Debug|x86
		{57A4B359-7172-4864-AABB-4619CBC2B71B}.Debug|Any CPU.Deploy.0 = Debug|x86
		{57A4B359-7172-4864-AABB-4619CBC2B71B}.Debug|ARM.ActiveCfg = Debug|ARM
		{57A4B359-7172-4864-AABB-4619CBC2B71B}.Debug|ARM.Build.0 = Debug|ARM
		{57A4B359-7172-4864-AABB-4619CBC2B71B}.Debug|ARM.Deploy.0 = Debug|ARM
		{57A4B359-7172-4864-AABB-4619CBC2B71B}.Debug|ARM64.ActiveCfg = Debug|ARM64
		{57A4B359-7172-4864-AABB-4619CBC2B71B}.Debug|ARM64.Build.0 = Debug|ARM64
		{57A4B359-7172-4864-AABB-4619CBC2B71B}.Debug|ARM64.Deploy.0 = Debug|ARM64
		{57A4B359-7172-4864-AABB-4619CBC2B71B}.Debug|iPhone.ActiveCfg = Debug|x86
		{57A4B359-7172-4864-AABB-4619CBC2B71B}.Debug|iPhone.Build.0 = Debug|x86
		{57A4B359-7172-4864-AABB-4619CBC2B71B}.Debug|iPhone.Deploy.0 = Debug|x86
		{57A4B359-7172-4864-AABB-4619CBC2B71B}.Debug|iPhoneSimulator.ActiveCfg = Debug|x86
		{57A4B359-7172-4864-AABB-4619CBC2B71B}.Debug|iPhoneSimulator.Build.0 = Debug|x86
		{57A4B359-7172-4864-AABB-4619CBC2B71B}.Debug|iPhoneSimulator.Deploy.0 = Debug|x86
		{57A4B359-7172-4864-AABB-4619CBC2B71B}.Debug|x64.ActiveCfg = Debug|x64
		{57A4B359-7172-4864-AABB-4619CBC2B71B}.Debug|x64.Build.0 = Debug|x64
		{57A4B359-7172-4864-AABB-4619CBC2B71B}.Debug|x64.Deploy.0 = Debug|x64
		{57A4B359-7172-4864-AABB-4619CBC2B71B}.Debug|x86.ActiveCfg = Debug|x86
		{57A4B359-7172-4864-AABB-4619CBC2B71B}.Debug|x86.Build.0 = Debug|x86
		{57A4B359-7172-4864-AABB-4619CBC2B71B}.Debug|x86.Deploy.0 = Debug|x86
		{57A4B359-7172-4864-AABB-4619CBC2B71B}.Release|Any CPU.ActiveCfg = Release|x86
		{57A4B359-7172-4864-AABB-4619CBC2B71B}.Release|ARM.ActiveCfg = Release|ARM
		{57A4B359-7172-4864-AABB-4619CBC2B71B}.Release|ARM.Build.0 = Release|ARM
		{57A4B359-7172-4864-AABB-4619CBC2B71B}.Release|ARM.Deploy.0 = Release|ARM
		{57A4B359-7172-4864-AABB-4619CBC2B71B}.Release|ARM64.ActiveCfg = Release|ARM64
		{57A4B359-7172-4864-AABB-4619CBC2B71B}.Release|ARM64.Build.0 = Release|ARM64
		{57A4B359-7172-4864-AABB-4619CBC2B71B}.Release|ARM64.Deploy.0 = Release|ARM64
		{57A4B359-7172-4864-AABB-4619CBC2B71B}.Release|iPhone.ActiveCfg = Release|x86
		{57A4B359-7172-4864-AABB-4619CBC2B71B}.Release|iPhone.Build.0 = Release|x86
		{57A4B359-7172-4864-AABB-4619CBC2B71B}.Release|iPhoneSimulator.ActiveCfg = Release|x86
		{57A4B359-7172-4864-AABB-4619CBC2B71B}.Release|iPhoneSimulator.Build.0 = Release|x86
		{57A4B359-7172-4864-AABB-4619CBC2B71B}.Release|iPhoneSimulator.Deploy.0 = Release|x86
		{57A4B359-7172-4864-AABB-4619CBC2B71B}.Release|x64.ActiveCfg = Release|x64
		{57A4B359-7172-4864-AABB-4619CBC2B71B}.Release|x64.Build.0 = Release|x64
		{57A4B359-7172-4864-AABB-4619CBC2B71B}.Release|x64.Deploy.0 = Release|x64
		{57A4B359-7172-4864-AABB-4619CBC2B71B}.Release|x86.ActiveCfg = Release|x86
		{57A4B359-7172-4864-AABB-4619CBC2B71B}.Release|x86.Build.0 = Release|x86
		{57A4B359-7172-4864-AABB-4619CBC2B71B}.Release|x86.Deploy.0 = Release|x86
		{40EA03F7-8A22-4143-B251-79BAC3EB13D2}.Debug|Any CPU.ActiveCfg = Debug|Any CPU
		{40EA03F7-8A22-4143-B251-79BAC3EB13D2}.Debug|Any CPU.Build.0 = Debug|Any CPU
		{40EA03F7-8A22-4143-B251-79BAC3EB13D2}.Debug|ARM.ActiveCfg = Debug|Any CPU
		{40EA03F7-8A22-4143-B251-79BAC3EB13D2}.Debug|ARM.Build.0 = Debug|Any CPU
		{40EA03F7-8A22-4143-B251-79BAC3EB13D2}.Debug|ARM64.ActiveCfg = Debug|Any CPU
		{40EA03F7-8A22-4143-B251-79BAC3EB13D2}.Debug|ARM64.Build.0 = Debug|Any CPU
		{40EA03F7-8A22-4143-B251-79BAC3EB13D2}.Debug|iPhone.ActiveCfg = Debug|Any CPU
		{40EA03F7-8A22-4143-B251-79BAC3EB13D2}.Debug|iPhone.Build.0 = Debug|Any CPU
		{40EA03F7-8A22-4143-B251-79BAC3EB13D2}.Debug|iPhoneSimulator.ActiveCfg = Debug|Any CPU
		{40EA03F7-8A22-4143-B251-79BAC3EB13D2}.Debug|iPhoneSimulator.Build.0 = Debug|Any CPU
		{40EA03F7-8A22-4143-B251-79BAC3EB13D2}.Debug|x64.ActiveCfg = Debug|Any CPU
		{40EA03F7-8A22-4143-B251-79BAC3EB13D2}.Debug|x64.Build.0 = Debug|Any CPU
		{40EA03F7-8A22-4143-B251-79BAC3EB13D2}.Debug|x86.ActiveCfg = Debug|Any CPU
		{40EA03F7-8A22-4143-B251-79BAC3EB13D2}.Debug|x86.Build.0 = Debug|Any CPU
		{40EA03F7-8A22-4143-B251-79BAC3EB13D2}.Release|Any CPU.ActiveCfg = Release|Any CPU
		{40EA03F7-8A22-4143-B251-79BAC3EB13D2}.Release|Any CPU.Build.0 = Release|Any CPU
		{40EA03F7-8A22-4143-B251-79BAC3EB13D2}.Release|ARM.ActiveCfg = Release|Any CPU
		{40EA03F7-8A22-4143-B251-79BAC3EB13D2}.Release|ARM.Build.0 = Release|Any CPU
		{40EA03F7-8A22-4143-B251-79BAC3EB13D2}.Release|ARM64.ActiveCfg = Release|Any CPU
		{40EA03F7-8A22-4143-B251-79BAC3EB13D2}.Release|ARM64.Build.0 = Release|Any CPU
		{40EA03F7-8A22-4143-B251-79BAC3EB13D2}.Release|iPhone.ActiveCfg = Release|Any CPU
		{40EA03F7-8A22-4143-B251-79BAC3EB13D2}.Release|iPhone.Build.0 = Release|Any CPU
		{40EA03F7-8A22-4143-B251-79BAC3EB13D2}.Release|iPhoneSimulator.ActiveCfg = Release|Any CPU
		{40EA03F7-8A22-4143-B251-79BAC3EB13D2}.Release|iPhoneSimulator.Build.0 = Release|Any CPU
		{40EA03F7-8A22-4143-B251-79BAC3EB13D2}.Release|x64.ActiveCfg = Release|Any CPU
		{40EA03F7-8A22-4143-B251-79BAC3EB13D2}.Release|x64.Build.0 = Release|Any CPU
		{40EA03F7-8A22-4143-B251-79BAC3EB13D2}.Release|x86.ActiveCfg = Release|Any CPU
		{40EA03F7-8A22-4143-B251-79BAC3EB13D2}.Release|x86.Build.0 = Release|Any CPU
		{C98425AD-E09F-4EAB-943D-BCE5996FAF93}.Debug|Any CPU.ActiveCfg = Debug|iPhoneSimulator
		{C98425AD-E09F-4EAB-943D-BCE5996FAF93}.Debug|Any CPU.Build.0 = Debug|iPhoneSimulator
		{C98425AD-E09F-4EAB-943D-BCE5996FAF93}.Debug|ARM.ActiveCfg = Debug|iPhoneSimulator
		{C98425AD-E09F-4EAB-943D-BCE5996FAF93}.Debug|ARM64.ActiveCfg = Debug|iPhoneSimulator
		{C98425AD-E09F-4EAB-943D-BCE5996FAF93}.Debug|iPhone.ActiveCfg = Debug|iPhoneSimulator
		{C98425AD-E09F-4EAB-943D-BCE5996FAF93}.Debug|iPhone.Build.0 = Debug|iPhoneSimulator
		{C98425AD-E09F-4EAB-943D-BCE5996FAF93}.Debug|iPhoneSimulator.ActiveCfg = Debug|iPhoneSimulator
		{C98425AD-E09F-4EAB-943D-BCE5996FAF93}.Debug|iPhoneSimulator.Build.0 = Debug|iPhoneSimulator
		{C98425AD-E09F-4EAB-943D-BCE5996FAF93}.Debug|x64.ActiveCfg = Debug|iPhoneSimulator
		{C98425AD-E09F-4EAB-943D-BCE5996FAF93}.Debug|x64.Build.0 = Debug|iPhoneSimulator
		{C98425AD-E09F-4EAB-943D-BCE5996FAF93}.Debug|x86.ActiveCfg = Debug|iPhoneSimulator
		{C98425AD-E09F-4EAB-943D-BCE5996FAF93}.Debug|x86.Build.0 = Debug|iPhoneSimulator
		{C98425AD-E09F-4EAB-943D-BCE5996FAF93}.Release|Any CPU.ActiveCfg = Release|iPhoneSimulator
		{C98425AD-E09F-4EAB-943D-BCE5996FAF93}.Release|ARM.ActiveCfg = Release|iPhoneSimulator
		{C98425AD-E09F-4EAB-943D-BCE5996FAF93}.Release|ARM64.ActiveCfg = Release|iPhoneSimulator
		{C98425AD-E09F-4EAB-943D-BCE5996FAF93}.Release|iPhone.ActiveCfg = Release|iPhoneSimulator
		{C98425AD-E09F-4EAB-943D-BCE5996FAF93}.Release|iPhone.Build.0 = Release|iPhoneSimulator
		{C98425AD-E09F-4EAB-943D-BCE5996FAF93}.Release|iPhoneSimulator.ActiveCfg = Release|iPhoneSimulator
		{C98425AD-E09F-4EAB-943D-BCE5996FAF93}.Release|iPhoneSimulator.Build.0 = Release|iPhoneSimulator
		{C98425AD-E09F-4EAB-943D-BCE5996FAF93}.Release|x64.ActiveCfg = Release|iPhoneSimulator
		{C98425AD-E09F-4EAB-943D-BCE5996FAF93}.Release|x64.Build.0 = Release|iPhoneSimulator
		{C98425AD-E09F-4EAB-943D-BCE5996FAF93}.Release|x86.ActiveCfg = Release|iPhoneSimulator
		{C98425AD-E09F-4EAB-943D-BCE5996FAF93}.Release|x86.Build.0 = Release|iPhoneSimulator
		{A5B8155A-118F-4794-B551-C6F3CF7E5411}.Debug|Any CPU.ActiveCfg = Debug|Any CPU
		{A5B8155A-118F-4794-B551-C6F3CF7E5411}.Debug|Any CPU.Build.0 = Debug|Any CPU
		{A5B8155A-118F-4794-B551-C6F3CF7E5411}.Debug|ARM.ActiveCfg = Debug|Any CPU
		{A5B8155A-118F-4794-B551-C6F3CF7E5411}.Debug|ARM.Build.0 = Debug|Any CPU
		{A5B8155A-118F-4794-B551-C6F3CF7E5411}.Debug|ARM64.ActiveCfg = Debug|Any CPU
		{A5B8155A-118F-4794-B551-C6F3CF7E5411}.Debug|ARM64.Build.0 = Debug|Any CPU
		{A5B8155A-118F-4794-B551-C6F3CF7E5411}.Debug|iPhone.ActiveCfg = Debug|Any CPU
		{A5B8155A-118F-4794-B551-C6F3CF7E5411}.Debug|iPhone.Build.0 = Debug|Any CPU
		{A5B8155A-118F-4794-B551-C6F3CF7E5411}.Debug|iPhoneSimulator.ActiveCfg = Debug|Any CPU
		{A5B8155A-118F-4794-B551-C6F3CF7E5411}.Debug|iPhoneSimulator.Build.0 = Debug|Any CPU
		{A5B8155A-118F-4794-B551-C6F3CF7E5411}.Debug|x64.ActiveCfg = Debug|Any CPU
		{A5B8155A-118F-4794-B551-C6F3CF7E5411}.Debug|x64.Build.0 = Debug|Any CPU
		{A5B8155A-118F-4794-B551-C6F3CF7E5411}.Debug|x86.ActiveCfg = Debug|Any CPU
		{A5B8155A-118F-4794-B551-C6F3CF7E5411}.Debug|x86.Build.0 = Debug|Any CPU
		{A5B8155A-118F-4794-B551-C6F3CF7E5411}.Release|Any CPU.ActiveCfg = Release|Any CPU
		{A5B8155A-118F-4794-B551-C6F3CF7E5411}.Release|Any CPU.Build.0 = Release|Any CPU
		{A5B8155A-118F-4794-B551-C6F3CF7E5411}.Release|ARM.ActiveCfg = Release|Any CPU
		{A5B8155A-118F-4794-B551-C6F3CF7E5411}.Release|ARM.Build.0 = Release|Any CPU
		{A5B8155A-118F-4794-B551-C6F3CF7E5411}.Release|ARM64.ActiveCfg = Release|Any CPU
		{A5B8155A-118F-4794-B551-C6F3CF7E5411}.Release|ARM64.Build.0 = Release|Any CPU
		{A5B8155A-118F-4794-B551-C6F3CF7E5411}.Release|iPhone.ActiveCfg = Release|Any CPU
		{A5B8155A-118F-4794-B551-C6F3CF7E5411}.Release|iPhone.Build.0 = Release|Any CPU
		{A5B8155A-118F-4794-B551-C6F3CF7E5411}.Release|iPhoneSimulator.ActiveCfg = Release|Any CPU
		{A5B8155A-118F-4794-B551-C6F3CF7E5411}.Release|iPhoneSimulator.Build.0 = Release|Any CPU
		{A5B8155A-118F-4794-B551-C6F3CF7E5411}.Release|x64.ActiveCfg = Release|Any CPU
		{A5B8155A-118F-4794-B551-C6F3CF7E5411}.Release|x64.Build.0 = Release|Any CPU
		{A5B8155A-118F-4794-B551-C6F3CF7E5411}.Release|x86.ActiveCfg = Release|Any CPU
		{A5B8155A-118F-4794-B551-C6F3CF7E5411}.Release|x86.Build.0 = Release|Any CPU
		{B8ED0B0E-50A6-48E3-B585-9399C67A9198}.Debug|Any CPU.ActiveCfg = Debug|Any CPU
		{B8ED0B0E-50A6-48E3-B585-9399C67A9198}.Debug|Any CPU.Build.0 = Debug|Any CPU
		{B8ED0B0E-50A6-48E3-B585-9399C67A9198}.Debug|ARM.ActiveCfg = Debug|Any CPU
		{B8ED0B0E-50A6-48E3-B585-9399C67A9198}.Debug|ARM.Build.0 = Debug|Any CPU
		{B8ED0B0E-50A6-48E3-B585-9399C67A9198}.Debug|ARM64.ActiveCfg = Debug|Any CPU
		{B8ED0B0E-50A6-48E3-B585-9399C67A9198}.Debug|ARM64.Build.0 = Debug|Any CPU
		{B8ED0B0E-50A6-48E3-B585-9399C67A9198}.Debug|iPhone.ActiveCfg = Debug|Any CPU
		{B8ED0B0E-50A6-48E3-B585-9399C67A9198}.Debug|iPhone.Build.0 = Debug|Any CPU
		{B8ED0B0E-50A6-48E3-B585-9399C67A9198}.Debug|iPhoneSimulator.ActiveCfg = Debug|Any CPU
		{B8ED0B0E-50A6-48E3-B585-9399C67A9198}.Debug|iPhoneSimulator.Build.0 = Debug|Any CPU
		{B8ED0B0E-50A6-48E3-B585-9399C67A9198}.Debug|x64.ActiveCfg = Debug|Any CPU
		{B8ED0B0E-50A6-48E3-B585-9399C67A9198}.Debug|x64.Build.0 = Debug|Any CPU
		{B8ED0B0E-50A6-48E3-B585-9399C67A9198}.Debug|x86.ActiveCfg = Debug|Any CPU
		{B8ED0B0E-50A6-48E3-B585-9399C67A9198}.Debug|x86.Build.0 = Debug|Any CPU
		{B8ED0B0E-50A6-48E3-B585-9399C67A9198}.Release|Any CPU.ActiveCfg = Release|Any CPU
		{B8ED0B0E-50A6-48E3-B585-9399C67A9198}.Release|Any CPU.Build.0 = Release|Any CPU
		{B8ED0B0E-50A6-48E3-B585-9399C67A9198}.Release|ARM.ActiveCfg = Release|Any CPU
		{B8ED0B0E-50A6-48E3-B585-9399C67A9198}.Release|ARM.Build.0 = Release|Any CPU
		{B8ED0B0E-50A6-48E3-B585-9399C67A9198}.Release|ARM64.ActiveCfg = Release|Any CPU
		{B8ED0B0E-50A6-48E3-B585-9399C67A9198}.Release|ARM64.Build.0 = Release|Any CPU
		{B8ED0B0E-50A6-48E3-B585-9399C67A9198}.Release|iPhone.ActiveCfg = Release|Any CPU
		{B8ED0B0E-50A6-48E3-B585-9399C67A9198}.Release|iPhone.Build.0 = Release|Any CPU
		{B8ED0B0E-50A6-48E3-B585-9399C67A9198}.Release|iPhoneSimulator.ActiveCfg = Release|Any CPU
		{B8ED0B0E-50A6-48E3-B585-9399C67A9198}.Release|iPhoneSimulator.Build.0 = Release|Any CPU
		{B8ED0B0E-50A6-48E3-B585-9399C67A9198}.Release|x64.ActiveCfg = Release|Any CPU
		{B8ED0B0E-50A6-48E3-B585-9399C67A9198}.Release|x64.Build.0 = Release|Any CPU
		{B8ED0B0E-50A6-48E3-B585-9399C67A9198}.Release|x86.ActiveCfg = Release|Any CPU
		{B8ED0B0E-50A6-48E3-B585-9399C67A9198}.Release|x86.Build.0 = Release|Any CPU
		{6CF284A4-22B1-4F05-97F4-F095C07A598E}.Debug|Any CPU.ActiveCfg = Debug|Any CPU
		{6CF284A4-22B1-4F05-97F4-F095C07A598E}.Debug|Any CPU.Build.0 = Debug|Any CPU
		{6CF284A4-22B1-4F05-97F4-F095C07A598E}.Debug|ARM.ActiveCfg = Debug|Any CPU
		{6CF284A4-22B1-4F05-97F4-F095C07A598E}.Debug|ARM.Build.0 = Debug|Any CPU
		{6CF284A4-22B1-4F05-97F4-F095C07A598E}.Debug|ARM64.ActiveCfg = Debug|Any CPU
		{6CF284A4-22B1-4F05-97F4-F095C07A598E}.Debug|ARM64.Build.0 = Debug|Any CPU
		{6CF284A4-22B1-4F05-97F4-F095C07A598E}.Debug|iPhone.ActiveCfg = Debug|Any CPU
		{6CF284A4-22B1-4F05-97F4-F095C07A598E}.Debug|iPhone.Build.0 = Debug|Any CPU
		{6CF284A4-22B1-4F05-97F4-F095C07A598E}.Debug|iPhoneSimulator.ActiveCfg = Debug|Any CPU
		{6CF284A4-22B1-4F05-97F4-F095C07A598E}.Debug|iPhoneSimulator.Build.0 = Debug|Any CPU
		{6CF284A4-22B1-4F05-97F4-F095C07A598E}.Debug|x64.ActiveCfg = Debug|Any CPU
		{6CF284A4-22B1-4F05-97F4-F095C07A598E}.Debug|x64.Build.0 = Debug|Any CPU
		{6CF284A4-22B1-4F05-97F4-F095C07A598E}.Debug|x86.ActiveCfg = Debug|Any CPU
		{6CF284A4-22B1-4F05-97F4-F095C07A598E}.Debug|x86.Build.0 = Debug|Any CPU
		{6CF284A4-22B1-4F05-97F4-F095C07A598E}.Release|Any CPU.ActiveCfg = Release|Any CPU
		{6CF284A4-22B1-4F05-97F4-F095C07A598E}.Release|Any CPU.Build.0 = Release|Any CPU
		{6CF284A4-22B1-4F05-97F4-F095C07A598E}.Release|ARM.ActiveCfg = Release|Any CPU
		{6CF284A4-22B1-4F05-97F4-F095C07A598E}.Release|ARM.Build.0 = Release|Any CPU
		{6CF284A4-22B1-4F05-97F4-F095C07A598E}.Release|ARM64.ActiveCfg = Release|Any CPU
		{6CF284A4-22B1-4F05-97F4-F095C07A598E}.Release|ARM64.Build.0 = Release|Any CPU
		{6CF284A4-22B1-4F05-97F4-F095C07A598E}.Release|iPhone.ActiveCfg = Release|Any CPU
		{6CF284A4-22B1-4F05-97F4-F095C07A598E}.Release|iPhone.Build.0 = Release|Any CPU
		{6CF284A4-22B1-4F05-97F4-F095C07A598E}.Release|iPhoneSimulator.ActiveCfg = Release|Any CPU
		{6CF284A4-22B1-4F05-97F4-F095C07A598E}.Release|iPhoneSimulator.Build.0 = Release|Any CPU
		{6CF284A4-22B1-4F05-97F4-F095C07A598E}.Release|x64.ActiveCfg = Release|Any CPU
		{6CF284A4-22B1-4F05-97F4-F095C07A598E}.Release|x64.Build.0 = Release|Any CPU
		{6CF284A4-22B1-4F05-97F4-F095C07A598E}.Release|x86.ActiveCfg = Release|Any CPU
		{6CF284A4-22B1-4F05-97F4-F095C07A598E}.Release|x86.Build.0 = Release|Any CPU
		{EECAC254-F640-4D3D-8CE8-433430015255}.Debug|Any CPU.ActiveCfg = Debug|Any CPU
		{EECAC254-F640-4D3D-8CE8-433430015255}.Debug|Any CPU.Build.0 = Debug|Any CPU
		{EECAC254-F640-4D3D-8CE8-433430015255}.Debug|ARM.ActiveCfg = Debug|Any CPU
		{EECAC254-F640-4D3D-8CE8-433430015255}.Debug|ARM.Build.0 = Debug|Any CPU
		{EECAC254-F640-4D3D-8CE8-433430015255}.Debug|ARM64.ActiveCfg = Debug|Any CPU
		{EECAC254-F640-4D3D-8CE8-433430015255}.Debug|ARM64.Build.0 = Debug|Any CPU
		{EECAC254-F640-4D3D-8CE8-433430015255}.Debug|iPhone.ActiveCfg = Debug|Any CPU
		{EECAC254-F640-4D3D-8CE8-433430015255}.Debug|iPhone.Build.0 = Debug|Any CPU
		{EECAC254-F640-4D3D-8CE8-433430015255}.Debug|iPhoneSimulator.ActiveCfg = Debug|Any CPU
		{EECAC254-F640-4D3D-8CE8-433430015255}.Debug|iPhoneSimulator.Build.0 = Debug|Any CPU
		{EECAC254-F640-4D3D-8CE8-433430015255}.Debug|x64.ActiveCfg = Debug|Any CPU
		{EECAC254-F640-4D3D-8CE8-433430015255}.Debug|x64.Build.0 = Debug|Any CPU
		{EECAC254-F640-4D3D-8CE8-433430015255}.Debug|x86.ActiveCfg = Debug|Any CPU
		{EECAC254-F640-4D3D-8CE8-433430015255}.Debug|x86.Build.0 = Debug|Any CPU
		{EECAC254-F640-4D3D-8CE8-433430015255}.Release|Any CPU.ActiveCfg = Release|Any CPU
		{EECAC254-F640-4D3D-8CE8-433430015255}.Release|Any CPU.Build.0 = Release|Any CPU
		{EECAC254-F640-4D3D-8CE8-433430015255}.Release|ARM.ActiveCfg = Release|Any CPU
		{EECAC254-F640-4D3D-8CE8-433430015255}.Release|ARM.Build.0 = Release|Any CPU
		{EECAC254-F640-4D3D-8CE8-433430015255}.Release|ARM64.ActiveCfg = Release|Any CPU
		{EECAC254-F640-4D3D-8CE8-433430015255}.Release|ARM64.Build.0 = Release|Any CPU
		{EECAC254-F640-4D3D-8CE8-433430015255}.Release|iPhone.ActiveCfg = Release|Any CPU
		{EECAC254-F640-4D3D-8CE8-433430015255}.Release|iPhone.Build.0 = Release|Any CPU
		{EECAC254-F640-4D3D-8CE8-433430015255}.Release|iPhoneSimulator.ActiveCfg = Release|Any CPU
		{EECAC254-F640-4D3D-8CE8-433430015255}.Release|iPhoneSimulator.Build.0 = Release|Any CPU
		{EECAC254-F640-4D3D-8CE8-433430015255}.Release|x64.ActiveCfg = Release|Any CPU
		{EECAC254-F640-4D3D-8CE8-433430015255}.Release|x64.Build.0 = Release|Any CPU
		{EECAC254-F640-4D3D-8CE8-433430015255}.Release|x86.ActiveCfg = Release|Any CPU
		{EECAC254-F640-4D3D-8CE8-433430015255}.Release|x86.Build.0 = Release|Any CPU
		{95C6BF02-136D-4DBB-85D7-F2A592669FBE}.Debug|Any CPU.ActiveCfg = Debug|x86
		{95C6BF02-136D-4DBB-85D7-F2A592669FBE}.Debug|ARM.ActiveCfg = Debug|ARM
		{95C6BF02-136D-4DBB-85D7-F2A592669FBE}.Debug|ARM.Build.0 = Debug|ARM
		{95C6BF02-136D-4DBB-85D7-F2A592669FBE}.Debug|ARM.Deploy.0 = Debug|ARM
		{95C6BF02-136D-4DBB-85D7-F2A592669FBE}.Debug|ARM64.ActiveCfg = Debug|ARM64
		{95C6BF02-136D-4DBB-85D7-F2A592669FBE}.Debug|ARM64.Build.0 = Debug|ARM64
		{95C6BF02-136D-4DBB-85D7-F2A592669FBE}.Debug|ARM64.Deploy.0 = Debug|ARM64
		{95C6BF02-136D-4DBB-85D7-F2A592669FBE}.Debug|iPhone.ActiveCfg = Debug|x86
		{95C6BF02-136D-4DBB-85D7-F2A592669FBE}.Debug|iPhoneSimulator.ActiveCfg = Debug|x86
		{95C6BF02-136D-4DBB-85D7-F2A592669FBE}.Debug|x64.ActiveCfg = Debug|x64
		{95C6BF02-136D-4DBB-85D7-F2A592669FBE}.Debug|x64.Build.0 = Debug|x64
		{95C6BF02-136D-4DBB-85D7-F2A592669FBE}.Debug|x64.Deploy.0 = Debug|x64
		{95C6BF02-136D-4DBB-85D7-F2A592669FBE}.Debug|x86.ActiveCfg = Debug|x86
		{95C6BF02-136D-4DBB-85D7-F2A592669FBE}.Debug|x86.Build.0 = Debug|x86
		{95C6BF02-136D-4DBB-85D7-F2A592669FBE}.Debug|x86.Deploy.0 = Debug|x86
		{95C6BF02-136D-4DBB-85D7-F2A592669FBE}.Release|Any CPU.ActiveCfg = Release|x86
		{95C6BF02-136D-4DBB-85D7-F2A592669FBE}.Release|ARM.ActiveCfg = Release|ARM
		{95C6BF02-136D-4DBB-85D7-F2A592669FBE}.Release|ARM.Build.0 = Release|ARM
		{95C6BF02-136D-4DBB-85D7-F2A592669FBE}.Release|ARM.Deploy.0 = Release|ARM
		{95C6BF02-136D-4DBB-85D7-F2A592669FBE}.Release|ARM64.ActiveCfg = Release|ARM64
		{95C6BF02-136D-4DBB-85D7-F2A592669FBE}.Release|ARM64.Build.0 = Release|ARM64
		{95C6BF02-136D-4DBB-85D7-F2A592669FBE}.Release|ARM64.Deploy.0 = Release|ARM64
		{95C6BF02-136D-4DBB-85D7-F2A592669FBE}.Release|iPhone.ActiveCfg = Release|x86
		{95C6BF02-136D-4DBB-85D7-F2A592669FBE}.Release|iPhoneSimulator.ActiveCfg = Release|x86
		{95C6BF02-136D-4DBB-85D7-F2A592669FBE}.Release|x64.ActiveCfg = Release|x64
		{95C6BF02-136D-4DBB-85D7-F2A592669FBE}.Release|x64.Build.0 = Release|x64
		{95C6BF02-136D-4DBB-85D7-F2A592669FBE}.Release|x64.Deploy.0 = Release|x64
		{95C6BF02-136D-4DBB-85D7-F2A592669FBE}.Release|x86.ActiveCfg = Release|x86
		{95C6BF02-136D-4DBB-85D7-F2A592669FBE}.Release|x86.Build.0 = Release|x86
		{95C6BF02-136D-4DBB-85D7-F2A592669FBE}.Release|x86.Deploy.0 = Release|x86
	EndGlobalSection
	GlobalSection(SolutionProperties) = preSolution
		HideSolutionNode = FALSE
	EndGlobalSection
	GlobalSection(NestedProjects) = preSolution
		{6279C845-92F8-4333-AB99-3D213163593C} = {D986B0F4-33A6-400D-9C5D-C27BAB39E341}
		{8401D909-A825-4BD7-9D2E-937AF47A8459} = {D986B0F4-33A6-400D-9C5D-C27BAB39E341}
		{0BC7F232-135F-46C8-8F23-DDE460B40173} = {D986B0F4-33A6-400D-9C5D-C27BAB39E341}
		{57A4B359-7172-4864-AABB-4619CBC2B71B} = {D986B0F4-33A6-400D-9C5D-C27BAB39E341}
		{40EA03F7-8A22-4143-B251-79BAC3EB13D2} = {D986B0F4-33A6-400D-9C5D-C27BAB39E341}
		{C98425AD-E09F-4EAB-943D-BCE5996FAF93} = {D986B0F4-33A6-400D-9C5D-C27BAB39E341}
		{A5B8155A-118F-4794-B551-C6F3CF7E5411} = {D986B0F4-33A6-400D-9C5D-C27BAB39E341}
		{B8ED0B0E-50A6-48E3-B585-9399C67A9198} = {D986B0F4-33A6-400D-9C5D-C27BAB39E341}
		{6CF284A4-22B1-4F05-97F4-F095C07A598E} = {D986B0F4-33A6-400D-9C5D-C27BAB39E341}
	EndGlobalSection
	GlobalSection(ExtensibilityGlobals) = postSolution
		SolutionGuid = {C7433AE2-B1A0-4C1A-887E-5CAA7AAF67A6}
	EndGlobalSection
EndGlobal
